
Microsoft Visual Studio Solution File, Format Version 12.00
# Visual Studio Version 17
VisualStudioVersion = 17.7.34031.279
MinimumVisualStudioVersion = 10.0.40219.1
Project("{888888A0-9F3D-457C-B088-3A5042F75D52}") = "algorytmy", "algorytmy\algorytmy.pyproj", "{BC54D128-4E04-42DD-8A50-C0014B781220}"
EndProject
Global
	GlobalSection(SolutionConfigurationPlatforms) = preSolution
		Debug|Any CPU = Debug|Any CPU
		Release|Any CPU = Release|Any CPU
	EndGlobalSection
	GlobalSection(ProjectConfigurationPlatforms) = postSolution
		{BC54D128-4E04-42DD-8A50-C0014B781220}.Debug|Any CPU.ActiveCfg = Debug|Any CPU
		{BC54D128-4E04-42DD-8A50-C0014B781220}.Release|Any CPU.ActiveCfg = Release|Any CPU
	EndGlobalSection
	GlobalSection(SolutionProperties) = preSolution
		HideSolutionNode = FALSE
	EndGlobalSection
	GlobalSection(ExtensibilityGlobals) = postSolution
		SolutionGuid = {BD039739-9572-4C49-BDF7-2F3B231D7B4D}
	EndGlobalSection
EndGlobal
